// !$*UTF8*$!
{
	archiveVersion = 1;
	classes = {
	};
	objectVersion = 46;
	objects = {

/* Begin PBXBuildFile section */
		F12222B218B3C8F300403539 /* EditProfileViewController.m in Sources */ = {isa = PBXBuildFile; fileRef = F12222B118B3C8F300403539 /* EditProfileViewController.m */; };
		F12222B518B4215D00403539 /* AskViewController.m in Sources */ = {isa = PBXBuildFile; fileRef = F12222B418B4215D00403539 /* AskViewController.m */; };
		F127DF9E18B30973005728D7 /* Foundation.framework in Frameworks */ = {isa = PBXBuildFile; fileRef = F127DF9D18B30973005728D7 /* Foundation.framework */; };
		F127DFA018B30973005728D7 /* CoreGraphics.framework in Frameworks */ = {isa = PBXBuildFile; fileRef = F127DF9F18B30973005728D7 /* CoreGraphics.framework */; };
		F127DFA218B30973005728D7 /* UIKit.framework in Frameworks */ = {isa = PBXBuildFile; fileRef = F127DFA118B30973005728D7 /* UIKit.framework */; };
		F127DFA818B30973005728D7 /* InfoPlist.strings in Resources */ = {isa = PBXBuildFile; fileRef = F127DFA618B30973005728D7 /* InfoPlist.strings */; };
		F127DFAA18B30973005728D7 /* main.m in Sources */ = {isa = PBXBuildFile; fileRef = F127DFA918B30973005728D7 /* main.m */; };
		F127DFAE18B30973005728D7 /* AppDelegate.m in Sources */ = {isa = PBXBuildFile; fileRef = F127DFAD18B30973005728D7 /* AppDelegate.m */; };
		F127DFB118B30973005728D7 /* Main.storyboard in Resources */ = {isa = PBXBuildFile; fileRef = F127DFAF18B30973005728D7 /* Main.storyboard */; };
		F127DFB418B30973005728D7 /* ProfileViewController.m in Sources */ = {isa = PBXBuildFile; fileRef = F127DFB318B30973005728D7 /* ProfileViewController.m */; };
		F127DFB618B30973005728D7 /* Images.xcassets in Resources */ = {isa = PBXBuildFile; fileRef = F127DFB518B30973005728D7 /* Images.xcassets */; };
		F127DFBE18B30973005728D7 /* Foundation.framework in Frameworks */ = {isa = PBXBuildFile; fileRef = F127DF9D18B30973005728D7 /* Foundation.framework */; };
		F127DFBF18B30973005728D7 /* UIKit.framework in Frameworks */ = {isa = PBXBuildFile; fileRef = F127DFA118B30973005728D7 /* UIKit.framework */; };
		F127DFC718B30973005728D7 /* InfoPlist.strings in Resources */ = {isa = PBXBuildFile; fileRef = F127DFC518B30973005728D7 /* InfoPlist.strings */; };
		F127DFC918B30973005728D7 /* JamTests.m in Sources */ = {isa = PBXBuildFile; fileRef = F127DFC818B30973005728D7 /* JamTests.m */; };
		F127DFD318B309AF005728D7 /* AVFoundation.framework in Frameworks */ = {isa = PBXBuildFile; fileRef = F127DFD218B309AF005728D7 /* AVFoundation.framework */; };
		F127DFD518B30A23005728D7 /* Parse.framework in Frameworks */ = {isa = PBXBuildFile; fileRef = F127DFD418B30A23005728D7 /* Parse.framework */; };
		F127DFD718B30A2B005728D7 /* AudioToolbox.framework in Frameworks */ = {isa = PBXBuildFile; fileRef = F127DFD618B30A2B005728D7 /* AudioToolbox.framework */; };
		F127DFD918B30A3A005728D7 /* CFNetwork.framework in Frameworks */ = {isa = PBXBuildFile; fileRef = F127DFD818B30A3A005728D7 /* CFNetwork.framework */; };
		F127DFDB18B30A43005728D7 /* CoreLocation.framework in Frameworks */ = {isa = PBXBuildFile; fileRef = F127DFDA18B30A43005728D7 /* CoreLocation.framework */; };
		F127DFDD18B30A4F005728D7 /* libz.dylib in Frameworks */ = {isa = PBXBuildFile; fileRef = F127DFDC18B30A4F005728D7 /* libz.dylib */; };
		F127DFDF18B30A5B005728D7 /* MobileCoreServices.framework in Frameworks */ = {isa = PBXBuildFile; fileRef = F127DFDE18B30A5B005728D7 /* MobileCoreServices.framework */; };
		F127DFE118B30A63005728D7 /* QuartzCore.framework in Frameworks */ = {isa = PBXBuildFile; fileRef = F127DFE018B30A63005728D7 /* QuartzCore.framework */; };
		F127DFE318B30A68005728D7 /* Security.framework in Frameworks */ = {isa = PBXBuildFile; fileRef = F127DFE218B30A68005728D7 /* Security.framework */; };
		F127DFE518B30A6E005728D7 /* StoreKit.framework in Frameworks */ = {isa = PBXBuildFile; fileRef = F127DFE418B30A6E005728D7 /* StoreKit.framework */; };
		F127DFE718B30A74005728D7 /* SystemConfiguration.framework in Frameworks */ = {isa = PBXBuildFile; fileRef = F127DFE618B30A74005728D7 /* SystemConfiguration.framework */; };
		F12CADED18B858B500741468 /* MyQsViewController.m in Sources */ = {isa = PBXBuildFile; fileRef = F12CADEC18B858B500741468 /* MyQsViewController.m */; };
		F12CADF118B8975300741468 /* logo.png in Resources */ = {isa = PBXBuildFile; fileRef = F12CADF018B8975300741468 /* logo.png */; };
		F12CADF318B8986500741468 /* diego.png in Resources */ = {isa = PBXBuildFile; fileRef = F12CADF218B8986500741468 /* diego.png */; };
		F12CADF618B89D2B00741468 /* NoQsViewController.m in Sources */ = {isa = PBXBuildFile; fileRef = F12CADF518B89D2B00741468 /* NoQsViewController.m */; };
		F12CADFF18B8AC9900741468 /* myqsw.png in Resources */ = {isa = PBXBuildFile; fileRef = F12CADF718B8AC9900741468 /* myqsw.png */; };
		F12CAE0018B8AC9900741468 /* myqsb.png in Resources */ = {isa = PBXBuildFile; fileRef = F12CADF818B8AC9900741468 /* myqsb.png */; };
		F12CAE0118B8AC9900741468 /* meb.png in Resources */ = {isa = PBXBuildFile; fileRef = F12CADF918B8AC9900741468 /* meb.png */; };
		F12CAE0218B8AC9900741468 /* mew.png in Resources */ = {isa = PBXBuildFile; fileRef = F12CADFA18B8AC9900741468 /* mew.png */; };
		F12CAE0318B8AC9900741468 /* askw.png in Resources */ = {isa = PBXBuildFile; fileRef = F12CADFB18B8AC9900741468 /* askw.png */; };
		F12CAE0418B8AC9900741468 /* askb.png in Resources */ = {isa = PBXBuildFile; fileRef = F12CADFC18B8AC9900741468 /* askb.png */; };
		F12CAE0518B8AC9900741468 /* answerb.png in Resources */ = {isa = PBXBuildFile; fileRef = F12CADFD18B8AC9900741468 /* answerb.png */; };
		F12CAE0618B8AC9900741468 /* answerw.png in Resources */ = {isa = PBXBuildFile; fileRef = F12CADFE18B8AC9900741468 /* answerw.png */; };
		F171692418B30EBB009ED414 /* LoginViewController.m in Sources */ = {isa = PBXBuildFile; fileRef = F171692318B30EBB009ED414 /* LoginViewController.m */; };
		F171692718B30F34009ED414 /* logInButton.png in Resources */ = {isa = PBXBuildFile; fileRef = F171692618B30F34009ED414 /* logInButton.png */; };
		F171692918B30F3D009ED414 /* signUpButton.png in Resources */ = {isa = PBXBuildFile; fileRef = F171692818B30F3D009ED414 /* signUpButton.png */; };
		F1B256F818B650D80094F1C1 /* SignUpViewController.m in Sources */ = {isa = PBXBuildFile; fileRef = F1B256F718B650D80094F1C1 /* SignUpViewController.m */; };
		F1B256FB18B7F5A40094F1C1 /* LoadViewController.m in Sources */ = {isa = PBXBuildFile; fileRef = F1B256FA18B7F5A40094F1C1 /* LoadViewController.m */; };
		F1B256FD18B809AE0094F1C1 /* pop.m4a in Resources */ = {isa = PBXBuildFile; fileRef = F1B256FC18B809AE0094F1C1 /* pop.m4a */; };
		F1B2570018B810520094F1C1 /* AnswerViewController.m in Sources */ = {isa = PBXBuildFile; fileRef = F1B256FF18B810520094F1C1 /* AnswerViewController.m */; };
/* End PBXBuildFile section */

/* Begin PBXContainerItemProxy section */
		F127DFC018B30973005728D7 /* PBXContainerItemProxy */ = {
			isa = PBXContainerItemProxy;
			containerPortal = F127DF9218B30973005728D7 /* Project object */;
			proxyType = 1;
			remoteGlobalIDString = F127DF9918B30973005728D7;
			remoteInfo = Jam;
		};
/* End PBXContainerItemProxy section */

/* Begin PBXFileReference section */
		F12222B018B3C8F300403539 /* EditProfileViewController.h */ = {isa = PBXFileReference; fileEncoding = 4; lastKnownFileType = sourcecode.c.h; path = EditProfileViewController.h; sourceTree = "<group>"; };
		F12222B118B3C8F300403539 /* EditProfileViewController.m */ = {isa = PBXFileReference; fileEncoding = 4; lastKnownFileType = sourcecode.c.objc; path = EditProfileViewController.m; sourceTree = "<group>"; };
		F12222B318B4215D00403539 /* AskViewController.h */ = {isa = PBXFileReference; fileEncoding = 4; lastKnownFileType = sourcecode.c.h; path = AskViewController.h; sourceTree = "<group>"; };
		F12222B418B4215D00403539 /* AskViewController.m */ = {isa = PBXFileReference; fileEncoding = 4; lastKnownFileType = sourcecode.c.objc; path = AskViewController.m; sourceTree = "<group>"; };
		F127DF9A18B30973005728D7 /* Jam.app */ = {isa = PBXFileReference; explicitFileType = wrapper.application; includeInIndex = 0; path = Jam.app; sourceTree = BUILT_PRODUCTS_DIR; };
		F127DF9D18B30973005728D7 /* Foundation.framework */ = {isa = PBXFileReference; lastKnownFileType = wrapper.framework; name = Foundation.framework; path = System/Library/Frameworks/Foundation.framework; sourceTree = SDKROOT; };
		F127DF9F18B30973005728D7 /* CoreGraphics.framework */ = {isa = PBXFileReference; lastKnownFileType = wrapper.framework; name = CoreGraphics.framework; path = System/Library/Frameworks/CoreGraphics.framework; sourceTree = SDKROOT; };
		F127DFA118B30973005728D7 /* UIKit.framework */ = {isa = PBXFileReference; lastKnownFileType = wrapper.framework; name = UIKit.framework; path = System/Library/Frameworks/UIKit.framework; sourceTree = SDKROOT; };
		F127DFA518B30973005728D7 /* Jam-Info.plist */ = {isa = PBXFileReference; lastKnownFileType = text.plist.xml; path = "Jam-Info.plist"; sourceTree = "<group>"; };
		F127DFA718B30973005728D7 /* en */ = {isa = PBXFileReference; lastKnownFileType = text.plist.strings; name = en; path = en.lproj/InfoPlist.strings; sourceTree = "<group>"; };
		F127DFA918B30973005728D7 /* main.m */ = {isa = PBXFileReference; lastKnownFileType = sourcecode.c.objc; path = main.m; sourceTree = "<group>"; };
		F127DFAB18B30973005728D7 /* Jam-Prefix.pch */ = {isa = PBXFileReference; lastKnownFileType = sourcecode.c.h; path = "Jam-Prefix.pch"; sourceTree = "<group>"; };
		F127DFAC18B30973005728D7 /* AppDelegate.h */ = {isa = PBXFileReference; lastKnownFileType = sourcecode.c.h; path = AppDelegate.h; sourceTree = "<group>"; };
		F127DFAD18B30973005728D7 /* AppDelegate.m */ = {isa = PBXFileReference; lastKnownFileType = sourcecode.c.objc; path = AppDelegate.m; sourceTree = "<group>"; };
		F127DFB018B30973005728D7 /* Base */ = {isa = PBXFileReference; lastKnownFileType = file.storyboard; name = Base; path = Base.lproj/Main.storyboard; sourceTree = "<group>"; };
		F127DFB218B30973005728D7 /* ProfileViewController.h */ = {isa = PBXFileReference; lastKnownFileType = sourcecode.c.h; path = ProfileViewController.h; sourceTree = "<group>"; };
		F127DFB318B30973005728D7 /* ProfileViewController.m */ = {isa = PBXFileReference; lastKnownFileType = sourcecode.c.objc; path = ProfileViewController.m; sourceTree = "<group>"; };
		F127DFB518B30973005728D7 /* Images.xcassets */ = {isa = PBXFileReference; lastKnownFileType = folder.assetcatalog; path = Images.xcassets; sourceTree = "<group>"; };
		F127DFBB18B30973005728D7 /* JamTests.xctest */ = {isa = PBXFileReference; explicitFileType = wrapper.cfbundle; includeInIndex = 0; path = JamTests.xctest; sourceTree = BUILT_PRODUCTS_DIR; };
		F127DFC418B30973005728D7 /* JamTests-Info.plist */ = {isa = PBXFileReference; lastKnownFileType = text.plist.xml; path = "JamTests-Info.plist"; sourceTree = "<group>"; };
		F127DFC618B30973005728D7 /* en */ = {isa = PBXFileReference; lastKnownFileType = text.plist.strings; name = en; path = en.lproj/InfoPlist.strings; sourceTree = "<group>"; };
		F127DFC818B30973005728D7 /* JamTests.m */ = {isa = PBXFileReference; lastKnownFileType = sourcecode.c.objc; path = JamTests.m; sourceTree = "<group>"; };
		F127DFD218B309AF005728D7 /* AVFoundation.framework */ = {isa = PBXFileReference; lastKnownFileType = wrapper.framework; name = AVFoundation.framework; path = System/Library/Frameworks/AVFoundation.framework; sourceTree = SDKROOT; };
		F127DFD418B30A23005728D7 /* Parse.framework */ = {isa = PBXFileReference; lastKnownFileType = wrapper.framework; name = Parse.framework; path = Jam/Parse.framework; sourceTree = "<group>"; };
		F127DFD618B30A2B005728D7 /* AudioToolbox.framework */ = {isa = PBXFileReference; lastKnownFileType = wrapper.framework; name = AudioToolbox.framework; path = System/Library/Frameworks/AudioToolbox.framework; sourceTree = SDKROOT; };
		F127DFD818B30A3A005728D7 /* CFNetwork.framework */ = {isa = PBXFileReference; lastKnownFileType = wrapper.framework; name = CFNetwork.framework; path = System/Library/Frameworks/CFNetwork.framework; sourceTree = SDKROOT; };
		F127DFDA18B30A43005728D7 /* CoreLocation.framework */ = {isa = PBXFileReference; lastKnownFileType = wrapper.framework; name = CoreLocation.framework; path = System/Library/Frameworks/CoreLocation.framework; sourceTree = SDKROOT; };
		F127DFDC18B30A4F005728D7 /* libz.dylib */ = {isa = PBXFileReference; lastKnownFileType = "compiled.mach-o.dylib"; name = libz.dylib; path = usr/lib/libz.dylib; sourceTree = SDKROOT; };
		F127DFDE18B30A5B005728D7 /* MobileCoreServices.framework */ = {isa = PBXFileReference; lastKnownFileType = wrapper.framework; name = MobileCoreServices.framework; path = System/Library/Frameworks/MobileCoreServices.framework; sourceTree = SDKROOT; };
		F127DFE018B30A63005728D7 /* QuartzCore.framework */ = {isa = PBXFileReference; lastKnownFileType = wrapper.framework; name = QuartzCore.framework; path = System/Library/Frameworks/QuartzCore.framework; sourceTree = SDKROOT; };
		F127DFE218B30A68005728D7 /* Security.framework */ = {isa = PBXFileReference; lastKnownFileType = wrapper.framework; name = Security.framework; path = System/Library/Frameworks/Security.framework; sourceTree = SDKROOT; };
		F127DFE418B30A6E005728D7 /* StoreKit.framework */ = {isa = PBXFileReference; lastKnownFileType = wrapper.framework; name = StoreKit.framework; path = System/Library/Frameworks/StoreKit.framework; sourceTree = SDKROOT; };
		F127DFE618B30A74005728D7 /* SystemConfiguration.framework */ = {isa = PBXFileReference; lastKnownFileType = wrapper.framework; name = SystemConfiguration.framework; path = System/Library/Frameworks/SystemConfiguration.framework; sourceTree = SDKROOT; };
		F12CADEB18B858B500741468 /* MyQsViewController.h */ = {isa = PBXFileReference; fileEncoding = 4; lastKnownFileType = sourcecode.c.h; path = MyQsViewController.h; sourceTree = "<group>"; };
		F12CADEC18B858B500741468 /* MyQsViewController.m */ = {isa = PBXFileReference; fileEncoding = 4; lastKnownFileType = sourcecode.c.objc; path = MyQsViewController.m; sourceTree = "<group>"; };
		F12CADF018B8975300741468 /* logo.png */ = {isa = PBXFileReference; lastKnownFileType = image.png; path = logo.png; sourceTree = "<group>"; };
		F12CADF218B8986500741468 /* diego.png */ = {isa = PBXFileReference; lastKnownFileType = image.png; path = diego.png; sourceTree = "<group>"; };
		F12CADF418B89D2B00741468 /* NoQsViewController.h */ = {isa = PBXFileReference; fileEncoding = 4; lastKnownFileType = sourcecode.c.h; path = NoQsViewController.h; sourceTree = "<group>"; };
		F12CADF518B89D2B00741468 /* NoQsViewController.m */ = {isa = PBXFileReference; fileEncoding = 4; lastKnownFileType = sourcecode.c.objc; path = NoQsViewController.m; sourceTree = "<group>"; };
		F12CADF718B8AC9900741468 /* myqsw.png */ = {isa = PBXFileReference; lastKnownFileType = image.png; path = myqsw.png; sourceTree = "<group>"; };
		F12CADF818B8AC9900741468 /* myqsb.png */ = {isa = PBXFileReference; lastKnownFileType = image.png; path = myqsb.png; sourceTree = "<group>"; };
		F12CADF918B8AC9900741468 /* meb.png */ = {isa = PBXFileReference; lastKnownFileType = image.png; path = meb.png; sourceTree = "<group>"; };
		F12CADFA18B8AC9900741468 /* mew.png */ = {isa = PBXFileReference; lastKnownFileType = image.png; path = mew.png; sourceTree = "<group>"; };
		F12CADFB18B8AC9900741468 /* askw.png */ = {isa = PBXFileReference; lastKnownFileType = image.png; path = askw.png; sourceTree = "<group>"; };
		F12CADFC18B8AC9900741468 /* askb.png */ = {isa = PBXFileReference; lastKnownFileType = image.png; path = askb.png; sourceTree = "<group>"; };
		F12CADFD18B8AC9900741468 /* answerb.png */ = {isa = PBXFileReference; lastKnownFileType = image.png; path = answerb.png; sourceTree = "<group>"; };
		F12CADFE18B8AC9900741468 /* answerw.png */ = {isa = PBXFileReference; lastKnownFileType = image.png; path = answerw.png; sourceTree = "<group>"; };
		F171692218B30EBB009ED414 /* LoginViewController.h */ = {isa = PBXFileReference; fileEncoding = 4; lastKnownFileType = sourcecode.c.h; path = LoginViewController.h; sourceTree = "<group>"; };
		F171692318B30EBB009ED414 /* LoginViewController.m */ = {isa = PBXFileReference; fileEncoding = 4; lastKnownFileType = sourcecode.c.objc; path = LoginViewController.m; sourceTree = "<group>"; };
		F171692618B30F34009ED414 /* logInButton.png */ = {isa = PBXFileReference; lastKnownFileType = image.png; name = logInButton.png; path = "../../Hive-old/Hive/logInButton.png"; sourceTree = "<group>"; };
		F171692818B30F3D009ED414 /* signUpButton.png */ = {isa = PBXFileReference; lastKnownFileType = image.png; name = signUpButton.png; path = "../../Hive-old/Hive/signUpButton.png"; sourceTree = "<group>"; };
		F1B256F618B650D80094F1C1 /* SignUpViewController.h */ = {isa = PBXFileReference; fileEncoding = 4; lastKnownFileType = sourcecode.c.h; path = SignUpViewController.h; sourceTree = "<group>"; };
		F1B256F718B650D80094F1C1 /* SignUpViewController.m */ = {isa = PBXFileReference; fileEncoding = 4; lastKnownFileType = sourcecode.c.objc; path = SignUpViewController.m; sourceTree = "<group>"; };
		F1B256F918B7F5A40094F1C1 /* LoadViewController.h */ = {isa = PBXFileReference; fileEncoding = 4; lastKnownFileType = sourcecode.c.h; path = LoadViewController.h; sourceTree = "<group>"; };
		F1B256FA18B7F5A40094F1C1 /* LoadViewController.m */ = {isa = PBXFileReference; fileEncoding = 4; lastKnownFileType = sourcecode.c.objc; path = LoadViewController.m; sourceTree = "<group>"; };
		F1B256FC18B809AE0094F1C1 /* pop.m4a */ = {isa = PBXFileReference; lastKnownFileType = file; path = pop.m4a; sourceTree = "<group>"; };
		F1B256FE18B810520094F1C1 /* AnswerViewController.h */ = {isa = PBXFileReference; fileEncoding = 4; lastKnownFileType = sourcecode.c.h; path = AnswerViewController.h; sourceTree = "<group>"; };
		F1B256FF18B810520094F1C1 /* AnswerViewController.m */ = {isa = PBXFileReference; fileEncoding = 4; lastKnownFileType = sourcecode.c.objc; path = AnswerViewController.m; sourceTree = "<group>"; };
/* End PBXFileReference section */

/* Begin PBXFrameworksBuildPhase section */
		F127DF9718B30973005728D7 /* Frameworks */ = {
			isa = PBXFrameworksBuildPhase;
			buildActionMask = 2147483647;
			files = (
				F127DFE718B30A74005728D7 /* SystemConfiguration.framework in Frameworks */,
				F127DFE518B30A6E005728D7 /* StoreKit.framework in Frameworks */,
				F127DFE318B30A68005728D7 /* Security.framework in Frameworks */,
				F127DFE118B30A63005728D7 /* QuartzCore.framework in Frameworks */,
				F127DFDF18B30A5B005728D7 /* MobileCoreServices.framework in Frameworks */,
				F127DFDD18B30A4F005728D7 /* libz.dylib in Frameworks */,
				F127DFDB18B30A43005728D7 /* CoreLocation.framework in Frameworks */,
				F127DFD918B30A3A005728D7 /* CFNetwork.framework in Frameworks */,
				F127DFD718B30A2B005728D7 /* AudioToolbox.framework in Frameworks */,
				F127DFD318B309AF005728D7 /* AVFoundation.framework in Frameworks */,
				F127DFA018B30973005728D7 /* CoreGraphics.framework in Frameworks */,
				F127DFA218B30973005728D7 /* UIKit.framework in Frameworks */,
				F127DF9E18B30973005728D7 /* Foundation.framework in Frameworks */,
				F127DFD518B30A23005728D7 /* Parse.framework in Frameworks */,
			);
			runOnlyForDeploymentPostprocessing = 0;
		};
		F127DFB818B30973005728D7 /* Frameworks */ = {
			isa = PBXFrameworksBuildPhase;
			buildActionMask = 2147483647;
			files = (
				F127DFBF18B30973005728D7 /* UIKit.framework in Frameworks */,
				F127DFBE18B30973005728D7 /* Foundation.framework in Frameworks */,
			);
			runOnlyForDeploymentPostprocessing = 0;
		};
/* End PBXFrameworksBuildPhase section */

/* Begin PBXGroup section */
		F127DF9118B30973005728D7 = {
			isa = PBXGroup;
			children = (
				F127DFA318B30973005728D7 /* Jam */,
				F127DFC218B30973005728D7 /* JamTests */,
				F127DF9C18B30973005728D7 /* Frameworks */,
				F127DF9B18B30973005728D7 /* Products */,
			);
			sourceTree = "<group>";
		};
		F127DF9B18B30973005728D7 /* Products */ = {
			isa = PBXGroup;
			children = (
				F127DF9A18B30973005728D7 /* Jam.app */,
				F127DFBB18B30973005728D7 /* JamTests.xctest */,
			);
			name = Products;
			sourceTree = "<group>";
		};
		F127DF9C18B30973005728D7 /* Frameworks */ = {
			isa = PBXGroup;
			children = (
				F127DFE618B30A74005728D7 /* SystemConfiguration.framework */,
				F127DFE418B30A6E005728D7 /* StoreKit.framework */,
				F127DFE218B30A68005728D7 /* Security.framework */,
				F127DFE018B30A63005728D7 /* QuartzCore.framework */,
				F127DFDE18B30A5B005728D7 /* MobileCoreServices.framework */,
				F127DFDC18B30A4F005728D7 /* libz.dylib */,
				F127DFDA18B30A43005728D7 /* CoreLocation.framework */,
				F127DFD818B30A3A005728D7 /* CFNetwork.framework */,
				F127DFD618B30A2B005728D7 /* AudioToolbox.framework */,
				F127DFD418B30A23005728D7 /* Parse.framework */,
				F127DFD218B309AF005728D7 /* AVFoundation.framework */,
				F127DF9D18B30973005728D7 /* Foundation.framework */,
				F127DF9F18B30973005728D7 /* CoreGraphics.framework */,
				F127DFA118B30973005728D7 /* UIKit.framework */,
			);
			name = Frameworks;
			sourceTree = "<group>";
		};
		F127DFA318B30973005728D7 /* Jam */ = {
			isa = PBXGroup;
			children = (
				F171692518B30F26009ED414 /* Pics */,
				F127DFAC18B30973005728D7 /* AppDelegate.h */,
				F127DFAD18B30973005728D7 /* AppDelegate.m */,
				F127DFAF18B30973005728D7 /* Main.storyboard */,
				F12CADEB18B858B500741468 /* MyQsViewController.h */,
				F12CADEC18B858B500741468 /* MyQsViewController.m */,
				F12CADF418B89D2B00741468 /* NoQsViewController.h */,
				F12CADF518B89D2B00741468 /* NoQsViewController.m */,
				F1B256FE18B810520094F1C1 /* AnswerViewController.h */,
				F1B256FF18B810520094F1C1 /* AnswerViewController.m */,
				F1B256F918B7F5A40094F1C1 /* LoadViewController.h */,
				F1B256FA18B7F5A40094F1C1 /* LoadViewController.m */,
				F127DFB218B30973005728D7 /* ProfileViewController.h */,
				F127DFB318B30973005728D7 /* ProfileViewController.m */,
				F1B256F618B650D80094F1C1 /* SignUpViewController.h */,
				F1B256F718B650D80094F1C1 /* SignUpViewController.m */,
				F12222B018B3C8F300403539 /* EditProfileViewController.h */,
				F12222B118B3C8F300403539 /* EditProfileViewController.m */,
				F171692218B30EBB009ED414 /* LoginViewController.h */,
				F171692318B30EBB009ED414 /* LoginViewController.m */,
				F12222B318B4215D00403539 /* AskViewController.h */,
				F12222B418B4215D00403539 /* AskViewController.m */,
				F1B256FC18B809AE0094F1C1 /* pop.m4a */,
				F127DFB518B30973005728D7 /* Images.xcassets */,
				F127DFA418B30973005728D7 /* Supporting Files */,
			);
			path = Jam;
			sourceTree = "<group>";
		};
		F127DFA418B30973005728D7 /* Supporting Files */ = {
			isa = PBXGroup;
			children = (
				F127DFA518B30973005728D7 /* Jam-Info.plist */,
				F127DFA618B30973005728D7 /* InfoPlist.strings */,
				F127DFA918B30973005728D7 /* main.m */,
				F127DFAB18B30973005728D7 /* Jam-Prefix.pch */,
			);
			name = "Supporting Files";
			sourceTree = "<group>";
		};
		F127DFC218B30973005728D7 /* JamTests */ = {
			isa = PBXGroup;
			children = (
				F127DFC818B30973005728D7 /* JamTests.m */,
				F127DFC318B30973005728D7 /* Supporting Files */,
			);
			path = JamTests;
			sourceTree = "<group>";
		};
		F127DFC318B30973005728D7 /* Supporting Files */ = {
			isa = PBXGroup;
			children = (
				F127DFC418B30973005728D7 /* JamTests-Info.plist */,
				F127DFC518B30973005728D7 /* InfoPlist.strings */,
			);
			name = "Supporting Files";
			sourceTree = "<group>";
		};
		F171692518B30F26009ED414 /* Pics */ = {
			isa = PBXGroup;
			children = (
				F12CADF718B8AC9900741468 /* myqsw.png */,
				F12CADF818B8AC9900741468 /* myqsb.png */,
				F12CADF918B8AC9900741468 /* meb.png */,
				F12CADFA18B8AC9900741468 /* mew.png */,
				F12CADFB18B8AC9900741468 /* askw.png */,
				F12CADFC18B8AC9900741468 /* askb.png */,
				F12CADFD18B8AC9900741468 /* answerb.png */,
				F12CADFE18B8AC9900741468 /* answerw.png */,
				F12CADF018B8975300741468 /* logo.png */,
				F171692818B30F3D009ED414 /* signUpButton.png */,
				F12CADF218B8986500741468 /* diego.png */,
				F171692618B30F34009ED414 /* logInButton.png */,
			);
			name = Pics;
			sourceTree = "<group>";
		};
/* End PBXGroup section */

/* Begin PBXNativeTarget section */
		F127DF9918B30973005728D7 /* Jam */ = {
			isa = PBXNativeTarget;
			buildConfigurationList = F127DFCC18B30973005728D7 /* Build configuration list for PBXNativeTarget "Jam" */;
			buildPhases = (
				F127DF9618B30973005728D7 /* Sources */,
				F127DF9718B30973005728D7 /* Frameworks */,
				F127DF9818B30973005728D7 /* Resources */,
			);
			buildRules = (
			);
			dependencies = (
			);
			name = Jam;
			productName = Jam;
			productReference = F127DF9A18B30973005728D7 /* Jam.app */;
			productType = "com.apple.product-type.application";
		};
		F127DFBA18B30973005728D7 /* JamTests */ = {
			isa = PBXNativeTarget;
			buildConfigurationList = F127DFCF18B30973005728D7 /* Build configuration list for PBXNativeTarget "JamTests" */;
			buildPhases = (
				F127DFB718B30973005728D7 /* Sources */,
				F127DFB818B30973005728D7 /* Frameworks */,
				F127DFB918B30973005728D7 /* Resources */,
			);
			buildRules = (
			);
			dependencies = (
				F127DFC118B30973005728D7 /* PBXTargetDependency */,
			);
			name = JamTests;
			productName = JamTests;
			productReference = F127DFBB18B30973005728D7 /* JamTests.xctest */;
			productType = "com.apple.product-type.bundle.unit-test";
		};
/* End PBXNativeTarget section */

/* Begin PBXProject section */
		F127DF9218B30973005728D7 /* Project object */ = {
			isa = PBXProject;
			attributes = {
				LastUpgradeCheck = 0500;
				ORGANIZATIONNAME = "Diego Calvo";
				TargetAttributes = {
					F127DFBA18B30973005728D7 = {
						TestTargetID = F127DF9918B30973005728D7;
					};
				};
			};
			buildConfigurationList = F127DF9518B30973005728D7 /* Build configuration list for PBXProject "Jam" */;
			compatibilityVersion = "Xcode 3.2";
			developmentRegion = English;
			hasScannedForEncodings = 0;
			knownRegions = (
				en,
				Base,
			);
			mainGroup = F127DF9118B30973005728D7;
			productRefGroup = F127DF9B18B30973005728D7 /* Products */;
			projectDirPath = "";
			projectRoot = "";
			targets = (
				F127DF9918B30973005728D7 /* Jam */,
				F127DFBA18B30973005728D7 /* JamTests */,
			);
		};
/* End PBXProject section */

/* Begin PBXResourcesBuildPhase section */
		F127DF9818B30973005728D7 /* Resources */ = {
			isa = PBXResourcesBuildPhase;
			buildActionMask = 2147483647;
			files = (
				F12CAE0418B8AC9900741468 /* askb.png in Resources */,
				F12CAE0518B8AC9900741468 /* answerb.png in Resources */,
				F1B256FD18B809AE0094F1C1 /* pop.m4a in Resources */,
				F127DFB618B30973005728D7 /* Images.xcassets in Resources */,
				F12CAE0018B8AC9900741468 /* myqsb.png in Resources */,
				F12CAE0618B8AC9900741468 /* answerw.png in Resources */,
				F12CAE0218B8AC9900741468 /* mew.png in Resources */,
				F12CADFF18B8AC9900741468 /* myqsw.png in Resources */,
				F171692918B30F3D009ED414 /* signUpButton.png in Resources */,
				F12CADF118B8975300741468 /* logo.png in Resources */,
				F12CAE0318B8AC9900741468 /* askw.png in Resources */,
				F12CADF318B8986500741468 /* diego.png in Resources */,
				F127DFA818B30973005728D7 /* InfoPlist.strings in Resources */,
				F127DFB118B30973005728D7 /* Main.storyboard in Resources */,
				F12CAE0118B8AC9900741468 /* meb.png in Resources */,
				F171692718B30F34009ED414 /* logInButton.png in Resources */,
			);
			runOnlyForDeploymentPostprocessing = 0;
		};
		F127DFB918B30973005728D7 /* Resources */ = {
			isa = PBXResourcesBuildPhase;
			buildActionMask = 2147483647;
			files = (
				F127DFC718B30973005728D7 /* InfoPlist.strings in Resources */,
			);
			runOnlyForDeploymentPostprocessing = 0;
		};
/* End PBXResourcesBuildPhase section */

/* Begin PBXSourcesBuildPhase section */
		F127DF9618B30973005728D7 /* Sources */ = {
			isa = PBXSourcesBuildPhase;
			buildActionMask = 2147483647;
			files = (
				F171692418B30EBB009ED414 /* LoginViewController.m in Sources */,
				F12222B518B4215D00403539 /* AskViewController.m in Sources */,
				F12CADED18B858B500741468 /* MyQsViewController.m in Sources */,
				F12222B218B3C8F300403539 /* EditProfileViewController.m in Sources */,
				F12CADF618B89D2B00741468 /* NoQsViewController.m in Sources */,
				F127DFB418B30973005728D7 /* ProfileViewController.m in Sources */,
				F127DFAE18B30973005728D7 /* AppDelegate.m in Sources */,
				F1B256F818B650D80094F1C1 /* SignUpViewController.m in Sources */,
				F1B256FB18B7F5A40094F1C1 /* LoadViewController.m in Sources */,
				F1B2570018B810520094F1C1 /* AnswerViewController.m in Sources */,
				F127DFAA18B30973005728D7 /* main.m in Sources */,
			);
			runOnlyForDeploymentPostprocessing = 0;
		};
		F127DFB718B30973005728D7 /* Sources */ = {
			isa = PBXSourcesBuildPhase;
			buildActionMask = 2147483647;
			files = (
				F127DFC918B30973005728D7 /* JamTests.m in Sources */,
			);
			runOnlyForDeploymentPostprocessing = 0;
		};
/* End PBXSourcesBuildPhase section */

/* Begin PBXTargetDependency section */
		F127DFC118B30973005728D7 /* PBXTargetDependency */ = {
			isa = PBXTargetDependency;
			target = F127DF9918B30973005728D7 /* Jam */;
			targetProxy = F127DFC018B30973005728D7 /* PBXContainerItemProxy */;
		};
/* End PBXTargetDependency section */

/* Begin PBXVariantGroup section */
		F127DFA618B30973005728D7 /* InfoPlist.strings */ = {
			isa = PBXVariantGroup;
			children = (
				F127DFA718B30973005728D7 /* en */,
			);
			name = InfoPlist.strings;
			sourceTree = "<group>";
		};
		F127DFAF18B30973005728D7 /* Main.storyboard */ = {
			isa = PBXVariantGroup;
			children = (
				F127DFB018B30973005728D7 /* Base */,
			);
			name = Main.storyboard;
			sourceTree = "<group>";
		};
		F127DFC518B30973005728D7 /* InfoPlist.strings */ = {
			isa = PBXVariantGroup;
			children = (
				F127DFC618B30973005728D7 /* en */,
			);
			name = InfoPlist.strings;
			sourceTree = "<group>";
		};
/* End PBXVariantGroup section */

/* Begin XCBuildConfiguration section */
		F127DFCA18B30973005728D7 /* Debug */ = {
			isa = XCBuildConfiguration;
			buildSettings = {
				ALWAYS_SEARCH_USER_PATHS = NO;
				ARCHS = "$(ARCHS_STANDARD_INCLUDING_64_BIT)";
				CLANG_CXX_LANGUAGE_STANDARD = "gnu++0x";
				CLANG_CXX_LIBRARY = "libc++";
				CLANG_ENABLE_MODULES = YES;
				CLANG_ENABLE_OBJC_ARC = YES;
				CLANG_WARN_BOOL_CONVERSION = YES;
				CLANG_WARN_CONSTANT_CONVERSION = YES;
				CLANG_WARN_DIRECT_OBJC_ISA_USAGE = YES_ERROR;
				CLANG_WARN_EMPTY_BODY = YES;
				CLANG_WARN_ENUM_CONVERSION = YES;
				CLANG_WARN_INT_CONVERSION = YES;
				CLANG_WARN_OBJC_ROOT_CLASS = YES_ERROR;
				CLANG_WARN__DUPLICATE_METHOD_MATCH = YES;
				"CODE_SIGN_IDENTITY[sdk=iphoneos*]" = "iPhone Developer";
				COPY_PHASE_STRIP = NO;
				GCC_C_LANGUAGE_STANDARD = gnu99;
				GCC_DYNAMIC_NO_PIC = NO;
				GCC_OPTIMIZATION_LEVEL = 0;
				GCC_PREPROCESSOR_DEFINITIONS = (
					"DEBUG=1",
					"$(inherited)",
				);
				GCC_SYMBOLS_PRIVATE_EXTERN = NO;
				GCC_WARN_64_TO_32_BIT_CONVERSION = YES;
				GCC_WARN_ABOUT_RETURN_TYPE = YES_ERROR;
				GCC_WARN_UNDECLARED_SELECTOR = YES;
				GCC_WARN_UNINITIALIZED_AUTOS = YES;
				GCC_WARN_UNUSED_FUNCTION = YES;
				GCC_WARN_UNUSED_VARIABLE = YES;
				IPHONEOS_DEPLOYMENT_TARGET = 7.0;
				ONLY_ACTIVE_ARCH = YES;
				SDKROOT = iphoneos;
			};
			name = Debug;
		};
		F127DFCB18B30973005728D7 /* Release */ = {
			isa = XCBuildConfiguration;
			buildSettings = {
				ALWAYS_SEARCH_USER_PATHS = NO;
				ARCHS = "$(ARCHS_STANDARD_INCLUDING_64_BIT)";
				CLANG_CXX_LANGUAGE_STANDARD = "gnu++0x";
				CLANG_CXX_LIBRARY = "libc++";
				CLANG_ENABLE_MODULES = YES;
				CLANG_ENABLE_OBJC_ARC = YES;
				CLANG_WARN_BOOL_CONVERSION = YES;
				CLANG_WARN_CONSTANT_CONVERSION = YES;
				CLANG_WARN_DIRECT_OBJC_ISA_USAGE = YES_ERROR;
				CLANG_WARN_EMPTY_BODY = YES;
				CLANG_WARN_ENUM_CONVERSION = YES;
				CLANG_WARN_INT_CONVERSION = YES;
				CLANG_WARN_OBJC_ROOT_CLASS = YES_ERROR;
				CLANG_WARN__DUPLICATE_METHOD_MATCH = YES;
				"CODE_SIGN_IDENTITY[sdk=iphoneos*]" = "iPhone Developer";
				COPY_PHASE_STRIP = YES;
				ENABLE_NS_ASSERTIONS = NO;
				GCC_C_LANGUAGE_STANDARD = gnu99;
				GCC_WARN_64_TO_32_BIT_CONVERSION = YES;
				GCC_WARN_ABOUT_RETURN_TYPE = YES_ERROR;
				GCC_WARN_UNDECLARED_SELECTOR = YES;
				GCC_WARN_UNINITIALIZED_AUTOS = YES;
				GCC_WARN_UNUSED_FUNCTION = YES;
				GCC_WARN_UNUSED_VARIABLE = YES;
				IPHONEOS_DEPLOYMENT_TARGET = 7.0;
				SDKROOT = iphoneos;
				VALIDATE_PRODUCT = YES;
			};
			name = Release;
		};
		F127DFCD18B30973005728D7 /* Debug */ = {
			isa = XCBuildConfiguration;
			buildSettings = {
				ASSETCATALOG_COMPILER_APPICON_NAME = AppIcon;
				ASSETCATALOG_COMPILER_LAUNCHIMAGE_NAME = LaunchImage;
				FRAMEWORK_SEARCH_PATHS = (
					"$(inherited)",
					/Users/Diego/Desktop/Jam/Jam,
					"$(DEVELOPER_FRAMEWORKS_DIR)",
				);
				GCC_PRECOMPILE_PREFIX_HEADER = YES;
				GCC_PREFIX_HEADER = "Jam/Jam-Prefix.pch";
				INFOPLIST_FILE = "Jam/Jam-Info.plist";
				PRODUCT_NAME = "$(TARGET_NAME)";
				WRAPPER_EXTENSION = app;
			};
			name = Debug;
		};
		F127DFCE18B30973005728D7 /* Release */ = {
			isa = XCBuildConfiguration;
			buildSettings = {
				ASSETCATALOG_COMPILER_APPICON_NAME = AppIcon;
				ASSETCATALOG_COMPILER_LAUNCHIMAGE_NAME = LaunchImage;
				FRAMEWORK_SEARCH_PATHS = (
					"$(inherited)",
					/Users/Diego/Desktop/Jam/Jam,
					"$(DEVELOPER_FRAMEWORKS_DIR)",
				);
				GCC_PRECOMPILE_PREFIX_HEADER = YES;
				GCC_PREFIX_HEADER = "Jam/Jam-Prefix.pch";
				INFOPLIST_FILE = "Jam/Jam-Info.plist";
				PRODUCT_NAME = "$(TARGET_NAME)";
				WRAPPER_EXTENSION = app;
			};
			name = Release;
		};
		F127DFD018B30973005728D7 /* Debug */ = {
			isa = XCBuildConfiguration;
			buildSettings = {
				ARCHS = "$(ARCHS_STANDARD_INCLUDING_64_BIT)";
				BUNDLE_LOADER = "$(BUILT_PRODUCTS_DIR)/Jam.app/Jam";
				FRAMEWORK_SEARCH_PATHS = (
					"$(SDKROOT)/Developer/Library/Frameworks",
					"$(inherited)",
					"$(DEVELOPER_FRAMEWORKS_DIR)",
				);
				GCC_PRECOMPILE_PREFIX_HEADER = YES;
				GCC_PREFIX_HEADER = "Jam/Jam-Prefix.pch";
				GCC_PREPROCESSOR_DEFINITIONS = (
					"DEBUG=1",
					"$(inherited)",
				);
				INFOPLIST_FILE = "JamTests/JamTests-Info.plist";
				PRODUCT_NAME = "$(TARGET_NAME)";
				TEST_HOST = "$(BUNDLE_LOADER)";
				WRAPPER_EXTENSION = xctest;
			};
			name = Debug;
		};
		F127DFD118B30973005728D7 /* Release */ = {
			isa = XCBuildConfiguration;
			buildSettings = {
				ARCHS = "$(ARCHS_STANDARD_INCLUDING_64_BIT)";
				BUNDLE_LOADER = "$(BUILT_PRODUCTS_DIR)/Jam.app/Jam";
				FRAMEWORK_SEARCH_PATHS = (
					"$(SDKROOT)/Developer/Library/Frameworks",
					"$(inherited)",
					"$(DEVELOPER_FRAMEWORKS_DIR)",
				);
				GCC_PRECOMPILE_PREFIX_HEADER = YES;
				GCC_PREFIX_HEADER = "Jam/Jam-Prefix.pch";
				INFOPLIST_FILE = "JamTests/JamTests-Info.plist";
				PRODUCT_NAME = "$(TARGET_NAME)";
				TEST_HOST = "$(BUNDLE_LOADER)";
				WRAPPER_EXTENSION = xctest;
			};
			name = Release;
		};
/* End XCBuildConfiguration section */

/* Begin XCConfigurationList section */
		F127DF9518B30973005728D7 /* Build configuration list for PBXProject "Jam" */ = {
			isa = XCConfigurationList;
			buildConfigurations = (
				F127DFCA18B30973005728D7 /* Debug */,
				F127DFCB18B30973005728D7 /* Release */,
			);
			defaultConfigurationIsVisible = 0;
			defaultConfigurationName = Release;
		};
		F127DFCC18B30973005728D7 /* Build configuration list for PBXNativeTarget "Jam" */ = {
			isa = XCConfigurationList;
			buildConfigurations = (
				F127DFCD18B30973005728D7 /* Debug */,
				F127DFCE18B30973005728D7 /* Release */,
			);
			defaultConfigurationIsVisible = 0;
			defaultConfigurationName = Release;
		};
		F127DFCF18B30973005728D7 /* Build configuration list for PBXNativeTarget "JamTests" */ = {
			isa = XCConfigurationList;
			buildConfigurations = (
				F127DFD018B30973005728D7 /* Debug */,
				F127DFD118B30973005728D7 /* Release */,
			);
			defaultConfigurationIsVisible = 0;
			defaultConfigurationName = Release;
		};
/* End XCConfigurationList section */
	};
	rootObject = F127DF9218B30973005728D7 /* Project object */;
}
